// !$*UTF8*$!
{
	archiveVersion = 1;
	classes = {
	};
	objectVersion = 46;
	objects = {

/* Begin PBXBuildFile section */
		1CDE15771CBFEDBF009E0D22 /* ioapi.c in Sources */ = {isa = PBXBuildFile; fileRef = 1CDE156F1CBFEDBF009E0D22 /* ioapi.c */; };
		1CDE15781CBFEDBF009E0D22 /* mztools.c in Sources */ = {isa = PBXBuildFile; fileRef = 1CDE15711CBFEDBF009E0D22 /* mztools.c */; };
		1CDE15791CBFEDBF009E0D22 /* unzip.c in Sources */ = {isa = PBXBuildFile; fileRef = 1CDE15731CBFEDBF009E0D22 /* unzip.c */; };
		1CDE157A1CBFEDBF009E0D22 /* zip.c in Sources */ = {isa = PBXBuildFile; fileRef = 1CDE15751CBFEDBF009E0D22 /* zip.c */; };
		1CDE157C1CBFEE57009E0D22 /* libz.1.2.5.tbd in Frameworks */ = {isa = PBXBuildFile; fileRef = 1CDE157B1CBFEE57009E0D22 /* libz.1.2.5.tbd */; };
		CE9353AD1CBD7D6700A5CCC9 /* ZipArchive.mm in Sources */ = {isa = PBXBuildFile; fileRef = CE9353AC1CBD7D6700A5CCC9 /* ZipArchive.mm */; };
		CE9353ED1CBEE1A600A5CCC9 /* EpubXMLFilesParser.m in Sources */ = {isa = PBXBuildFile; fileRef = CE9353EC1CBEE1A600A5CCC9 /* EpubXMLFilesParser.m */; };
		CED6E32E1CC1574D0013CC39 /* Main.storyboard in Resources */ = {isa = PBXBuildFile; fileRef = CED6E32D1CC1574D0013CC39 /* Main.storyboard */; };
		CED6E3341CC1575E0013CC39 /* TestViewController.m in Sources */ = {isa = PBXBuildFile; fileRef = CED6E3331CC1575E0013CC39 /* TestViewController.m */; };
		CED6E3371CC157650013CC39 /* SettingViewController.m in Sources */ = {isa = PBXBuildFile; fileRef = CED6E3361CC157650013CC39 /* SettingViewController.m */; };
		CEDD89921CB6E02400FD2AEE /* main.m in Sources */ = {isa = PBXBuildFile; fileRef = CEDD89911CB6E02400FD2AEE /* main.m */; };
		CEDD89951CB6E02400FD2AEE /* AppDelegate.m in Sources */ = {isa = PBXBuildFile; fileRef = CEDD89941CB6E02400FD2AEE /* AppDelegate.m */; };
		CEDD899D1CB6E02400FD2AEE /* Assets.xcassets in Resources */ = {isa = PBXBuildFile; fileRef = CEDD899C1CB6E02400FD2AEE /* Assets.xcassets */; };
		CEDD89A01CB6E02400FD2AEE /* LaunchScreen.storyboard in Resources */ = {isa = PBXBuildFile; fileRef = CEDD899E1CB6E02400FD2AEE /* LaunchScreen.storyboard */; };
		CEDD89A91CB6E38B00FD2AEE /* MainViewController.m in Sources */ = {isa = PBXBuildFile; fileRef = CEDD89A81CB6E38B00FD2AEE /* MainViewController.m */; };
		CEDD89AF1CB6E47A00FD2AEE /* YandexTranslateManager.m in Sources */ = {isa = PBXBuildFile; fileRef = CEDD89AE1CB6E47A00FD2AEE /* YandexTranslateManager.m */; };
		CEFD700E1CBE7D27007A6088 /* HBCoreData.xcdatamodeld in Sources */ = {isa = PBXBuildFile; fileRef = CEFD700C1CBE7D27007A6088 /* HBCoreData.xcdatamodeld */; };
		CEFD70131CBE7D79007A6088 /* Book.m in Sources */ = {isa = PBXBuildFile; fileRef = CEFD70101CBE7D79007A6088 /* Book.m */; };
		CEFD70141CBE7D79007A6088 /* Word.m in Sources */ = {isa = PBXBuildFile; fileRef = CEFD70121CBE7D79007A6088 /* Word.m */; };
		CEFD70171CBEB213007A6088 /* DataManager.m in Sources */ = {isa = PBXBuildFile; fileRef = CEFD70161CBEB213007A6088 /* DataManager.m */; };
		CEFD704D1CC16141007A6088 /* DictionaryViewController.m in Sources */ = {isa = PBXBuildFile; fileRef = CEFD704C1CC16141007A6088 /* DictionaryViewController.m */; };
		CEFD70501CC165E5007A6088 /* DictionaryTableViewCell.m in Sources */ = {isa = PBXBuildFile; fileRef = CEFD704F1CC165E5007A6088 /* DictionaryTableViewCell.m */; };
		CEFD70561CC176D3007A6088 /* TranslationViewController.m in Sources */ = {isa = PBXBuildFile; fileRef = CEFD70551CC176D3007A6088 /* TranslationViewController.m */; };
		CEFD705C1CC3A0EF007A6088 /* ReaderViewController.m in Sources */ = {isa = PBXBuildFile; fileRef = CEFD705B1CC3A0EF007A6088 /* ReaderViewController.m */; };
		CEFD705F1CC3A12B007A6088 /* HBtextView.m in Sources */ = {isa = PBXBuildFile; fileRef = CEFD705E1CC3A12B007A6088 /* HBtextView.m */; };
		CEFD70681CC3A1B1007A6088 /* TranslatePopoverViewController.m in Sources */ = {isa = PBXBuildFile; fileRef = CEFD70671CC3A1B1007A6088 /* TranslatePopoverViewController.m */; };
		CEFD706B1CC3A1FA007A6088 /* CheckPopoverViewController.m in Sources */ = {isa = PBXBuildFile; fileRef = CEFD706A1CC3A1FA007A6088 /* CheckPopoverViewController.m */; };
/* End PBXBuildFile section */

/* Begin PBXFileReference section */
		1CDE156E1CBFEDBF009E0D22 /* crypt.h */ = {isa = PBXFileReference; fileEncoding = 4; lastKnownFileType = sourcecode.c.h; path = crypt.h; sourceTree = "<group>"; };
		1CDE156F1CBFEDBF009E0D22 /* ioapi.c */ = {isa = PBXFileReference; fileEncoding = 4; lastKnownFileType = sourcecode.c.c; path = ioapi.c; sourceTree = "<group>"; };
		1CDE15701CBFEDBF009E0D22 /* ioapi.h */ = {isa = PBXFileReference; fileEncoding = 4; lastKnownFileType = sourcecode.c.h; path = ioapi.h; sourceTree = "<group>"; };
		1CDE15711CBFEDBF009E0D22 /* mztools.c */ = {isa = PBXFileReference; fileEncoding = 4; lastKnownFileType = sourcecode.c.c; path = mztools.c; sourceTree = "<group>"; };
		1CDE15721CBFEDBF009E0D22 /* mztools.h */ = {isa = PBXFileReference; fileEncoding = 4; lastKnownFileType = sourcecode.c.h; path = mztools.h; sourceTree = "<group>"; };
		1CDE15731CBFEDBF009E0D22 /* unzip.c */ = {isa = PBXFileReference; fileEncoding = 4; lastKnownFileType = sourcecode.c.c; path = unzip.c; sourceTree = "<group>"; };
		1CDE15741CBFEDBF009E0D22 /* unzip.h */ = {isa = PBXFileReference; fileEncoding = 4; lastKnownFileType = sourcecode.c.h; path = unzip.h; sourceTree = "<group>"; };
		1CDE15751CBFEDBF009E0D22 /* zip.c */ = {isa = PBXFileReference; fileEncoding = 4; lastKnownFileType = sourcecode.c.c; path = zip.c; sourceTree = "<group>"; };
		1CDE15761CBFEDBF009E0D22 /* zip.h */ = {isa = PBXFileReference; fileEncoding = 4; lastKnownFileType = sourcecode.c.h; path = zip.h; sourceTree = "<group>"; };
		1CDE157B1CBFEE57009E0D22 /* libz.1.2.5.tbd */ = {isa = PBXFileReference; lastKnownFileType = "sourcecode.text-based-dylib-definition"; name = libz.1.2.5.tbd; path = usr/lib/libz.1.2.5.tbd; sourceTree = SDKROOT; };
		CE9353AB1CBD7D6700A5CCC9 /* ZipArchive.h */ = {isa = PBXFileReference; fileEncoding = 4; lastKnownFileType = sourcecode.c.h; path = ZipArchive.h; sourceTree = "<group>"; };
		CE9353AC1CBD7D6700A5CCC9 /* ZipArchive.mm */ = {isa = PBXFileReference; fileEncoding = 4; lastKnownFileType = sourcecode.cpp.objcpp; path = ZipArchive.mm; sourceTree = "<group>"; };
		CE9353AE1CBD7E2300A5CCC9 /* prestuplenie_i_nakazanie.epub */ = {isa = PBXFileReference; lastKnownFileType = file; path = prestuplenie_i_nakazanie.epub; sourceTree = "<group>"; };
		CE9353EB1CBEE1A600A5CCC9 /* EpubXMLFilesParser.h */ = {isa = PBXFileReference; fileEncoding = 4; lastKnownFileType = sourcecode.c.h; path = EpubXMLFilesParser.h; sourceTree = "<group>"; };
		CE9353EC1CBEE1A600A5CCC9 /* EpubXMLFilesParser.m */ = {isa = PBXFileReference; fileEncoding = 4; lastKnownFileType = sourcecode.c.objc; path = EpubXMLFilesParser.m; sourceTree = "<group>"; };
		CED6E32D1CC1574D0013CC39 /* Main.storyboard */ = {isa = PBXFileReference; fileEncoding = 4; lastKnownFileType = file.storyboard; path = Main.storyboard; sourceTree = "<group>"; };
		CED6E3321CC1575B0013CC39 /* TestViewController.h */ = {isa = PBXFileReference; lastKnownFileType = sourcecode.c.h; path = TestViewController.h; sourceTree = "<group>"; };
		CED6E3331CC1575E0013CC39 /* TestViewController.m */ = {isa = PBXFileReference; fileEncoding = 4; lastKnownFileType = sourcecode.c.objc; path = TestViewController.m; sourceTree = "<group>"; };
		CED6E3351CC157610013CC39 /* SettingViewController.h */ = {isa = PBXFileReference; lastKnownFileType = sourcecode.c.h; path = SettingViewController.h; sourceTree = "<group>"; };
		CED6E3361CC157650013CC39 /* SettingViewController.m */ = {isa = PBXFileReference; fileEncoding = 4; lastKnownFileType = sourcecode.c.objc; path = SettingViewController.m; sourceTree = "<group>"; };
		CEDD898D1CB6E02400FD2AEE /* HandyBook.app */ = {isa = PBXFileReference; explicitFileType = wrapper.application; includeInIndex = 0; path = HandyBook.app; sourceTree = BUILT_PRODUCTS_DIR; };
		CEDD89911CB6E02400FD2AEE /* main.m */ = {isa = PBXFileReference; lastKnownFileType = sourcecode.c.objc; path = main.m; sourceTree = "<group>"; };
		CEDD89931CB6E02400FD2AEE /* AppDelegate.h */ = {isa = PBXFileReference; lastKnownFileType = sourcecode.c.h; path = AppDelegate.h; sourceTree = "<group>"; };
		CEDD89941CB6E02400FD2AEE /* AppDelegate.m */ = {isa = PBXFileReference; lastKnownFileType = sourcecode.c.objc; path = AppDelegate.m; sourceTree = "<group>"; };
		CEDD899C1CB6E02400FD2AEE /* Assets.xcassets */ = {isa = PBXFileReference; lastKnownFileType = folder.assetcatalog; path = Assets.xcassets; sourceTree = "<group>"; };
		CEDD899F1CB6E02400FD2AEE /* Base */ = {isa = PBXFileReference; lastKnownFileType = file.storyboard; name = Base; path = Base.lproj/LaunchScreen.storyboard; sourceTree = "<group>"; };
		CEDD89A11CB6E02400FD2AEE /* Info.plist */ = {isa = PBXFileReference; lastKnownFileType = text.plist.xml; path = Info.plist; sourceTree = "<group>"; };
		CEDD89A71CB6E38B00FD2AEE /* MainViewController.h */ = {isa = PBXFileReference; fileEncoding = 4; lastKnownFileType = sourcecode.c.h; path = MainViewController.h; sourceTree = "<group>"; };
		CEDD89A81CB6E38B00FD2AEE /* MainViewController.m */ = {isa = PBXFileReference; fileEncoding = 4; lastKnownFileType = sourcecode.c.objc; path = MainViewController.m; sourceTree = "<group>"; };
		CEDD89AD1CB6E47A00FD2AEE /* YandexTranslateManager.h */ = {isa = PBXFileReference; fileEncoding = 4; lastKnownFileType = sourcecode.c.h; path = YandexTranslateManager.h; sourceTree = "<group>"; };
		CEDD89AE1CB6E47A00FD2AEE /* YandexTranslateManager.m */ = {isa = PBXFileReference; fileEncoding = 4; lastKnownFileType = sourcecode.c.objc; path = YandexTranslateManager.m; sourceTree = "<group>"; };
		CEFD700D1CBE7D27007A6088 /* HBCoreData.xcdatamodel */ = {isa = PBXFileReference; lastKnownFileType = wrapper.xcdatamodel; path = HBCoreData.xcdatamodel; sourceTree = "<group>"; };
		CEFD700F1CBE7D79007A6088 /* Book.h */ = {isa = PBXFileReference; fileEncoding = 4; lastKnownFileType = sourcecode.c.h; path = Book.h; sourceTree = "<group>"; };
		CEFD70101CBE7D79007A6088 /* Book.m */ = {isa = PBXFileReference; fileEncoding = 4; lastKnownFileType = sourcecode.c.objc; path = Book.m; sourceTree = "<group>"; };
		CEFD70111CBE7D79007A6088 /* Word.h */ = {isa = PBXFileReference; fileEncoding = 4; lastKnownFileType = sourcecode.c.h; path = Word.h; sourceTree = "<group>"; };
		CEFD70121CBE7D79007A6088 /* Word.m */ = {isa = PBXFileReference; fileEncoding = 4; lastKnownFileType = sourcecode.c.objc; path = Word.m; sourceTree = "<group>"; };
		CEFD70151CBEB213007A6088 /* DataManager.h */ = {isa = PBXFileReference; fileEncoding = 4; lastKnownFileType = sourcecode.c.h; path = DataManager.h; sourceTree = "<group>"; };
		CEFD70161CBEB213007A6088 /* DataManager.m */ = {isa = PBXFileReference; fileEncoding = 4; lastKnownFileType = sourcecode.c.objc; path = DataManager.m; sourceTree = "<group>"; };
		CEFD70181CBEB481007A6088 /* HBConstants.h */ = {isa = PBXFileReference; lastKnownFileType = sourcecode.c.h; path = HBConstants.h; sourceTree = "<group>"; };
		CEFD704B1CC16141007A6088 /* DictionaryViewController.h */ = {isa = PBXFileReference; fileEncoding = 4; lastKnownFileType = sourcecode.c.h; path = DictionaryViewController.h; sourceTree = "<group>"; };
		CEFD704C1CC16141007A6088 /* DictionaryViewController.m */ = {isa = PBXFileReference; fileEncoding = 4; lastKnownFileType = sourcecode.c.objc; path = DictionaryViewController.m; sourceTree = "<group>"; };
		CEFD704E1CC165E5007A6088 /* DictionaryTableViewCell.h */ = {isa = PBXFileReference; fileEncoding = 4; lastKnownFileType = sourcecode.c.h; path = DictionaryTableViewCell.h; sourceTree = "<group>"; };
		CEFD704F1CC165E5007A6088 /* DictionaryTableViewCell.m */ = {isa = PBXFileReference; fileEncoding = 4; lastKnownFileType = sourcecode.c.objc; path = DictionaryTableViewCell.m; sourceTree = "<group>"; };
		CEFD70541CC176D3007A6088 /* TranslationViewController.h */ = {isa = PBXFileReference; fileEncoding = 4; lastKnownFileType = sourcecode.c.h; path = TranslationViewController.h; sourceTree = "<group>"; };
		CEFD70551CC176D3007A6088 /* TranslationViewController.m */ = {isa = PBXFileReference; fileEncoding = 4; lastKnownFileType = sourcecode.c.objc; path = TranslationViewController.m; sourceTree = "<group>"; };
		CEFD705A1CC3A0EF007A6088 /* ReaderViewController.h */ = {isa = PBXFileReference; fileEncoding = 4; lastKnownFileType = sourcecode.c.h; path = ReaderViewController.h; sourceTree = "<group>"; };
		CEFD705B1CC3A0EF007A6088 /* ReaderViewController.m */ = {isa = PBXFileReference; fileEncoding = 4; lastKnownFileType = sourcecode.c.objc; path = ReaderViewController.m; sourceTree = "<group>"; };
		CEFD705D1CC3A12B007A6088 /* HBtextView.h */ = {isa = PBXFileReference; fileEncoding = 4; lastKnownFileType = sourcecode.c.h; path = HBtextView.h; sourceTree = "<group>"; };
		CEFD705E1CC3A12B007A6088 /* HBtextView.m */ = {isa = PBXFileReference; fileEncoding = 4; lastKnownFileType = sourcecode.c.objc; path = HBtextView.m; sourceTree = "<group>"; };
		CEFD70661CC3A1B1007A6088 /* TranslatePopoverViewController.h */ = {isa = PBXFileReference; fileEncoding = 4; lastKnownFileType = sourcecode.c.h; path = TranslatePopoverViewController.h; sourceTree = "<group>"; };
		CEFD70671CC3A1B1007A6088 /* TranslatePopoverViewController.m */ = {isa = PBXFileReference; fileEncoding = 4; lastKnownFileType = sourcecode.c.objc; path = TranslatePopoverViewController.m; sourceTree = "<group>"; };
		CEFD70691CC3A1FA007A6088 /* CheckPopoverViewController.h */ = {isa = PBXFileReference; fileEncoding = 4; lastKnownFileType = sourcecode.c.h; path = CheckPopoverViewController.h; sourceTree = "<group>"; };
		CEFD706A1CC3A1FA007A6088 /* CheckPopoverViewController.m */ = {isa = PBXFileReference; fileEncoding = 4; lastKnownFileType = sourcecode.c.objc; path = CheckPopoverViewController.m; sourceTree = "<group>"; };
/* End PBXFileReference section */

/* Begin PBXFrameworksBuildPhase section */
		CEDD898A1CB6E02400FD2AEE /* Frameworks */ = {
			isa = PBXFrameworksBuildPhase;
			buildActionMask = 2147483647;
			files = (
				1CDE157C1CBFEE57009E0D22 /* libz.1.2.5.tbd in Frameworks */,
			);
			runOnlyForDeploymentPostprocessing = 0;
		};
/* End PBXFrameworksBuildPhase section */

/* Begin PBXGroup section */
		1CDE156D1CBFEDBF009E0D22 /* minizip */ = {
			isa = PBXGroup;
			children = (
				1CDE156E1CBFEDBF009E0D22 /* crypt.h */,
				1CDE156F1CBFEDBF009E0D22 /* ioapi.c */,
				1CDE15701CBFEDBF009E0D22 /* ioapi.h */,
				1CDE15711CBFEDBF009E0D22 /* mztools.c */,
				1CDE15721CBFEDBF009E0D22 /* mztools.h */,
				1CDE15731CBFEDBF009E0D22 /* unzip.c */,
				1CDE15741CBFEDBF009E0D22 /* unzip.h */,
				1CDE15751CBFEDBF009E0D22 /* zip.c */,
				1CDE15761CBFEDBF009E0D22 /* zip.h */,
			);
			path = minizip;
			sourceTree = "<group>";
		};
		CE9353A71CBD7C2500A5CCC9 /* ReadEpub */ = {
			isa = PBXGroup;
			children = (
				CED44F571CC233EF007CE27E /* EpubXMLParser */,
				CED44F561CC233CB007CE27E /* UnZipEpub */,
				CE9353AE1CBD7E2300A5CCC9 /* prestuplenie_i_nakazanie.epub */,
			);
			name = ReadEpub;
			sourceTree = "<group>";
		};
		CED44F531CC232E1007CE27E /* Lib */ = {
			isa = PBXGroup;
			children = (
				1CDE157B1CBFEE57009E0D22 /* libz.1.2.5.tbd */,
				1CDE156D1CBFEDBF009E0D22 /* minizip */,
			);
			name = Lib;
			sourceTree = "<group>";
		};
		CED44F541CC232E7007CE27E /* View */ = {
			isa = PBXGroup;
			children = (
				CEFD704E1CC165E5007A6088 /* DictionaryTableViewCell.h */,
				CEFD704F1CC165E5007A6088 /* DictionaryTableViewCell.m */,
				CEDD89A71CB6E38B00FD2AEE /* MainViewController.h */,
				CEDD89A81CB6E38B00FD2AEE /* MainViewController.m */,
				CED6E3321CC1575B0013CC39 /* TestViewController.h */,
				CED6E3331CC1575E0013CC39 /* TestViewController.m */,
				CED6E3351CC157610013CC39 /* SettingViewController.h */,
				CED6E3361CC157650013CC39 /* SettingViewController.m */,
				CEFD704B1CC16141007A6088 /* DictionaryViewController.h */,
				CEFD704C1CC16141007A6088 /* DictionaryViewController.m */,
				CEFD70541CC176D3007A6088 /* TranslationViewController.h */,
				CEFD70551CC176D3007A6088 /* TranslationViewController.m */,
				CEFD705A1CC3A0EF007A6088 /* ReaderViewController.h */,
				CEFD705B1CC3A0EF007A6088 /* ReaderViewController.m */,
				CEFD70661CC3A1B1007A6088 /* TranslatePopoverViewController.h */,
				CEFD70671CC3A1B1007A6088 /* TranslatePopoverViewController.m */,
				CEFD70691CC3A1FA007A6088 /* CheckPopoverViewController.h */,
				CEFD706A1CC3A1FA007A6088 /* CheckPopoverViewController.m */,
			);
			name = View;
			sourceTree = "<group>";
		};
		CED44F551CC232EE007CE27E /* Model */ = {
			isa = PBXGroup;
			children = (
				CEFD70491CC160BF007A6088 /* DataManager */,
				CEFD700F1CBE7D79007A6088 /* Book.h */,
				CEFD70101CBE7D79007A6088 /* Book.m */,
				CEFD70111CBE7D79007A6088 /* Word.h */,
				CEFD700C1CBE7D27007A6088 /* HBCoreData.xcdatamodeld */,
				CEFD70121CBE7D79007A6088 /* Word.m */,
			);
			name = Model;
			sourceTree = "<group>";
		};
		CED44F561CC233CB007CE27E /* UnZipEpub */ = {
			isa = PBXGroup;
			children = (
				CE9353AB1CBD7D6700A5CCC9 /* ZipArchive.h */,
				CE9353AC1CBD7D6700A5CCC9 /* ZipArchive.mm */,
			);
			name = UnZipEpub;
			sourceTree = "<group>";
		};
		CED44F571CC233EF007CE27E /* EpubXMLParser */ = {
			isa = PBXGroup;
			children = (
				CE9353EB1CBEE1A600A5CCC9 /* EpubXMLFilesParser.h */,
				CE9353EC1CBEE1A600A5CCC9 /* EpubXMLFilesParser.m */,
			);
			name = EpubXMLParser;
			sourceTree = "<group>";
		};
		CEDD89841CB6E02400FD2AEE = {
			isa = PBXGroup;
			children = (
				CEDD898F1CB6E02400FD2AEE /* HandyBook */,
				CEDD898E1CB6E02400FD2AEE /* Products */,
			);
			sourceTree = "<group>";
		};
		CEDD898E1CB6E02400FD2AEE /* Products */ = {
			isa = PBXGroup;
			children = (
				CEDD898D1CB6E02400FD2AEE /* HandyBook.app */,
			);
			name = Products;
			sourceTree = "<group>";
		};
		CEDD898F1CB6E02400FD2AEE /* HandyBook */ = {
			isa = PBXGroup;
			children = (
				CED44F551CC232EE007CE27E /* Model */,
				CED44F541CC232E7007CE27E /* View */,
				CED44F531CC232E1007CE27E /* Lib */,
				CE9353A71CBD7C2500A5CCC9 /* ReadEpub */,
				CEDD89931CB6E02400FD2AEE /* AppDelegate.h */,
				CEDD89941CB6E02400FD2AEE /* AppDelegate.m */,
				CED6E32D1CC1574D0013CC39 /* Main.storyboard */,
				CEDD899C1CB6E02400FD2AEE /* Assets.xcassets */,
				CEDD899E1CB6E02400FD2AEE /* LaunchScreen.storyboard */,
				CEFD700B1CBE7B01007A6088 /* YandexApi */,
				CEDD89901CB6E02400FD2AEE /* Supporting Files */,
			);
			path = HandyBook;
			sourceTree = "<group>";
		};
		CEDD89901CB6E02400FD2AEE /* Supporting Files */ = {
			isa = PBXGroup;
			children = (
				CEDD89911CB6E02400FD2AEE /* main.m */,
				CEFD70181CBEB481007A6088 /* HBConstants.h */,
				CEFD705D1CC3A12B007A6088 /* HBtextView.h */,
				CEFD705E1CC3A12B007A6088 /* HBtextView.m */,
			);
			name = "Supporting Files";
			sourceTree = "<group>";
		};
		CEFD700B1CBE7B01007A6088 /* YandexApi */ = {
			isa = PBXGroup;
			children = (
				CEDD89A11CB6E02400FD2AEE /* Info.plist */,
				CEDD89AD1CB6E47A00FD2AEE /* YandexTranslateManager.h */,
				CEDD89AE1CB6E47A00FD2AEE /* YandexTranslateManager.m */,
			);
			name = YandexApi;
			sourceTree = "<group>";
		};
		CEFD70491CC160BF007A6088 /* DataManager */ = {
			isa = PBXGroup;
			children = (
				CEFD70151CBEB213007A6088 /* DataManager.h */,
				CEFD70161CBEB213007A6088 /* DataManager.m */,
			);
			name = DataManager;
			sourceTree = "<group>";
		};
/* End PBXGroup section */

/* Begin PBXNativeTarget section */
		CEDD898C1CB6E02400FD2AEE /* HandyBook */ = {
			isa = PBXNativeTarget;
			buildConfigurationList = CEDD89A41CB6E02400FD2AEE /* Build configuration list for PBXNativeTarget "HandyBook" */;
			buildPhases = (
				CEDD89891CB6E02400FD2AEE /* Sources */,
				CEDD898A1CB6E02400FD2AEE /* Frameworks */,
				CEDD898B1CB6E02400FD2AEE /* Resources */,
			);
			buildRules = (
			);
			dependencies = (
			);
			name = HandyBook;
			productName = HandyBook;
			productReference = CEDD898D1CB6E02400FD2AEE /* HandyBook.app */;
			productType = "com.apple.product-type.application";
		};
/* End PBXNativeTarget section */

/* Begin PBXProject section */
		CEDD89851CB6E02400FD2AEE /* Project object */ = {
			isa = PBXProject;
			attributes = {
				LastUpgradeCheck = 0720;
				ORGANIZATIONNAME = ACA;
				TargetAttributes = {
					CEDD898C1CB6E02400FD2AEE = {
						CreatedOnToolsVersion = 7.2;
						DevelopmentTeam = HP94MFAQQ3;
					};
				};
			};
			buildConfigurationList = CEDD89881CB6E02400FD2AEE /* Build configuration list for PBXProject "HandyBook" */;
			compatibilityVersion = "Xcode 3.2";
			developmentRegion = English;
			hasScannedForEncodings = 0;
			knownRegions = (
				en,
				Base,
			);
			mainGroup = CEDD89841CB6E02400FD2AEE;
			productRefGroup = CEDD898E1CB6E02400FD2AEE /* Products */;
			projectDirPath = "";
			projectRoot = "";
			targets = (
				CEDD898C1CB6E02400FD2AEE /* HandyBook */,
			);
		};
/* End PBXProject section */

/* Begin PBXResourcesBuildPhase section */
		CEDD898B1CB6E02400FD2AEE /* Resources */ = {
			isa = PBXResourcesBuildPhase;
			buildActionMask = 2147483647;
			files = (
				CED6E32E1CC1574D0013CC39 /* Main.storyboard in Resources */,
				CEDD89A01CB6E02400FD2AEE /* LaunchScreen.storyboard in Resources */,
				CEDD899D1CB6E02400FD2AEE /* Assets.xcassets in Resources */,
			);
			runOnlyForDeploymentPostprocessing = 0;
		};
/* End PBXResourcesBuildPhase section */

/* Begin PBXSourcesBuildPhase section */
		CEDD89891CB6E02400FD2AEE /* Sources */ = {
			isa = PBXSourcesBuildPhase;
			buildActionMask = 2147483647;
			files = (
				CEFD700E1CBE7D27007A6088 /* HBCoreData.xcdatamodeld in Sources */,
				CEFD70131CBE7D79007A6088 /* Book.m in Sources */,
				CED6E3371CC157650013CC39 /* SettingViewController.m in Sources */,
				CEFD70141CBE7D79007A6088 /* Word.m in Sources */,
				CEFD70171CBEB213007A6088 /* DataManager.m in Sources */,
				CEDD89951CB6E02400FD2AEE /* AppDelegate.m in Sources */,
				CEFD70681CC3A1B1007A6088 /* TranslatePopoverViewController.m in Sources */,
				1CDE15771CBFEDBF009E0D22 /* ioapi.c in Sources */,
				CEFD70501CC165E5007A6088 /* DictionaryTableViewCell.m in Sources */,
				CEFD704D1CC16141007A6088 /* DictionaryViewController.m in Sources */,
				1CDE15781CBFEDBF009E0D22 /* mztools.c in Sources */,
				1CDE15791CBFEDBF009E0D22 /* unzip.c in Sources */,
				CEDD89AF1CB6E47A00FD2AEE /* YandexTranslateManager.m in Sources */,
				CE9353ED1CBEE1A600A5CCC9 /* EpubXMLFilesParser.m in Sources */,
				CEDD89921CB6E02400FD2AEE /* main.m in Sources */,
				1CDE157A1CBFEDBF009E0D22 /* zip.c in Sources */,
				CEDD89A91CB6E38B00FD2AEE /* MainViewController.m in Sources */,
				CEFD706B1CC3A1FA007A6088 /* CheckPopoverViewController.m in Sources */,
				CEFD70561CC176D3007A6088 /* TranslationViewController.m in Sources */,
				CED6E3341CC1575E0013CC39 /* TestViewController.m in Sources */,
				CE9353AD1CBD7D6700A5CCC9 /* ZipArchive.mm in Sources */,
				CEFD705C1CC3A0EF007A6088 /* ReaderViewController.m in Sources */,
				CEFD705F1CC3A12B007A6088 /* HBtextView.m in Sources */,
			);
			runOnlyForDeploymentPostprocessing = 0;
		};
/* End PBXSourcesBuildPhase section */

/* Begin PBXVariantGroup section */
		CEDD899E1CB6E02400FD2AEE /* LaunchScreen.storyboard */ = {
			isa = PBXVariantGroup;
			children = (
				CEDD899F1CB6E02400FD2AEE /* Base */,
			);
			name = LaunchScreen.storyboard;
			sourceTree = "<group>";
		};
/* End PBXVariantGroup section */

/* Begin XCBuildConfiguration section */
		CEDD89A21CB6E02400FD2AEE /* Debug */ = {
			isa = XCBuildConfiguration;
			buildSettings = {
				ALWAYS_SEARCH_USER_PATHS = NO;
				CLANG_CXX_LANGUAGE_STANDARD = "gnu++0x";
				CLANG_CXX_LIBRARY = "libc++";
				CLANG_ENABLE_MODULES = YES;
				CLANG_ENABLE_OBJC_ARC = YES;
				CLANG_WARN_BOOL_CONVERSION = YES;
				CLANG_WARN_CONSTANT_CONVERSION = YES;
				CLANG_WARN_DIRECT_OBJC_ISA_USAGE = YES_ERROR;
				CLANG_WARN_EMPTY_BODY = YES;
				CLANG_WARN_ENUM_CONVERSION = YES;
				CLANG_WARN_INT_CONVERSION = YES;
				CLANG_WARN_OBJC_ROOT_CLASS = YES_ERROR;
				CLANG_WARN_UNREACHABLE_CODE = YES;
				CLANG_WARN__DUPLICATE_METHOD_MATCH = YES;
				"CODE_SIGN_IDENTITY[sdk=iphoneos*]" = "iPhone Developer";
				COPY_PHASE_STRIP = NO;
				DEBUG_INFORMATION_FORMAT = dwarf;
				ENABLE_STRICT_OBJC_MSGSEND = YES;
				ENABLE_TESTABILITY = YES;
				GCC_C_LANGUAGE_STANDARD = gnu99;
				GCC_DYNAMIC_NO_PIC = NO;
				GCC_NO_COMMON_BLOCKS = YES;
				GCC_OPTIMIZATION_LEVEL = 0;
				GCC_PREPROCESSOR_DEFINITIONS = (
					"DEBUG=1",
					"$(inherited)",
				);
				GCC_WARN_64_TO_32_BIT_CONVERSION = YES;
				GCC_WARN_ABOUT_RETURN_TYPE = YES_ERROR;
				GCC_WARN_UNDECLARED_SELECTOR = YES;
				GCC_WARN_UNINITIALIZED_AUTOS = YES_AGGRESSIVE;
				GCC_WARN_UNUSED_FUNCTION = YES;
				GCC_WARN_UNUSED_VARIABLE = YES;
				IPHONEOS_DEPLOYMENT_TARGET = 9.2;
				MTL_ENABLE_DEBUG_INFO = YES;
				ONLY_ACTIVE_ARCH = YES;
				SDKROOT = iphoneos;
			};
			name = Debug;
		};
		CEDD89A31CB6E02400FD2AEE /* Release */ = {
			isa = XCBuildConfiguration;
			buildSettings = {
				ALWAYS_SEARCH_USER_PATHS = NO;
				CLANG_CXX_LANGUAGE_STANDARD = "gnu++0x";
				CLANG_CXX_LIBRARY = "libc++";
				CLANG_ENABLE_MODULES = YES;
				CLANG_ENABLE_OBJC_ARC = YES;
				CLANG_WARN_BOOL_CONVERSION = YES;
				CLANG_WARN_CONSTANT_CONVERSION = YES;
				CLANG_WARN_DIRECT_OBJC_ISA_USAGE = YES_ERROR;
				CLANG_WARN_EMPTY_BODY = YES;
				CLANG_WARN_ENUM_CONVERSION = YES;
				CLANG_WARN_INT_CONVERSION = YES;
				CLANG_WARN_OBJC_ROOT_CLASS = YES_ERROR;
				CLANG_WARN_UNREACHABLE_CODE = YES;
				CLANG_WARN__DUPLICATE_METHOD_MATCH = YES;
				"CODE_SIGN_IDENTITY[sdk=iphoneos*]" = "iPhone Developer";
				COPY_PHASE_STRIP = NO;
				DEBUG_INFORMATION_FORMAT = "dwarf-with-dsym";
				ENABLE_NS_ASSERTIONS = NO;
				ENABLE_STRICT_OBJC_MSGSEND = YES;
				GCC_C_LANGUAGE_STANDARD = gnu99;
				GCC_NO_COMMON_BLOCKS = YES;
				GCC_WARN_64_TO_32_BIT_CONVERSION = YES;
				GCC_WARN_ABOUT_RETURN_TYPE = YES_ERROR;
				GCC_WARN_UNDECLARED_SELECTOR = YES;
				GCC_WARN_UNINITIALIZED_AUTOS = YES_AGGRESSIVE;
				GCC_WARN_UNUSED_FUNCTION = YES;
				GCC_WARN_UNUSED_VARIABLE = YES;
				IPHONEOS_DEPLOYMENT_TARGET = 9.2;
				MTL_ENABLE_DEBUG_INFO = NO;
				SDKROOT = iphoneos;
				VALIDATE_PRODUCT = YES;
			};
			name = Release;
		};
		CEDD89A51CB6E02400FD2AEE /* Debug */ = {
			isa = XCBuildConfiguration;
			buildSettings = {
				ASSETCATALOG_COMPILER_APPICON_NAME = AppIcon;
				INFOPLIST_FILE = HandyBook/Info.plist;
				LD_RUNPATH_SEARCH_PATHS = "$(inherited) @executable_path/Frameworks";
				PRODUCT_BUNDLE_IDENTIFIER = "Sanasar-Kolyan.HandyBook";
				PRODUCT_NAME = "$(TARGET_NAME)";
			};
			name = Debug;
		};
		CEDD89A61CB6E02400FD2AEE /* Release */ = {
			isa = XCBuildConfiguration;
			buildSettings = {
				ASSETCATALOG_COMPILER_APPICON_NAME = AppIcon;
				INFOPLIST_FILE = HandyBook/Info.plist;
				LD_RUNPATH_SEARCH_PATHS = "$(inherited) @executable_path/Frameworks";
				PRODUCT_BUNDLE_IDENTIFIER = "Sanasar-Kolyan.HandyBook";
				PRODUCT_NAME = "$(TARGET_NAME)";
			};
			name = Release;
		};
/* End XCBuildConfiguration section */

/* Begin XCConfigurationList section */
		CEDD89881CB6E02400FD2AEE /* Build configuration list for PBXProject "HandyBook" */ = {
			isa = XCConfigurationList;
			buildConfigurations = (
				CEDD89A21CB6E02400FD2AEE /* Debug */,
				CEDD89A31CB6E02400FD2AEE /* Release */,
			);
			defaultConfigurationIsVisible = 0;
			defaultConfigurationName = Release;
		};
		CEDD89A41CB6E02400FD2AEE /* Build configuration list for PBXNativeTarget "HandyBook" */ = {
			isa = XCConfigurationList;
			buildConfigurations = (
				CEDD89A51CB6E02400FD2AEE /* Debug */,
				CEDD89A61CB6E02400FD2AEE /* Release */,
			);
			defaultConfigurationIsVisible = 0;
			defaultConfigurationName = Release;
		};
/* End XCConfigurationList section */

/* Begin XCVersionGroup section */
		CEFD700C1CBE7D27007A6088 /* HBCoreData.xcdatamodeld */ = {
			isa = XCVersionGroup;
			children = (
				CEFD700D1CBE7D27007A6088 /* HBCoreData.xcdatamodel */,
			);
			currentVersion = CEFD700D1CBE7D27007A6088 /* HBCoreData.xcdatamodel */;
			path = HBCoreData.xcdatamodeld;
			sourceTree = "<group>";
			versionGroupType = wrapper.xcdatamodel;
		};
/* End XCVersionGroup section */
	};
	rootObject = CEDD89851CB6E02400FD2AEE /* Project object */;
}
